{
    "_meta": {
        "hash": {
            "sha256": "6e2929b0a53e08c4cd611222fa9c8e17e34a823de2be1ddce7d5a552bbc8c306"
        },
        "pipfile-spec": 6,
        "requires": {
            "python_version": "3.10.13"
        },
        "sources": [
            {
                "name": "pypi",
                "url": "https://pypi.org/simple",
                "verify_ssl": true
            }
        ]
    },
    "default": {
        "pymupdf": {
            "hashes": [
                "sha256:0b1218f652ba7949f4db37222352546b40c7bf2ec4b2152fdcedd50f31a49922",
                "sha256:0cb8dd8a23a28f4b2b3f8216a39cc24c69eb7a34cc2ea5d33c53407f6467f103",
                "sha256:241087bb0c537bf0adeadae5e328fcef38f5e259b52c8a91615b1ea225464e19",
                "sha256:28634fb89ab2cfb4cd3d4d63856a088a41be77a94421e8c889d6dd2fd3762673",
                "sha256:2b415c6909b00e1bdd4ee77b878b2807f04382c68339535c8beb1d05a292c8ec",
                "sha256:2e3d834feea5088af45aa0537f794f33ca54a21ee916dc8f97e997cb0ff6e0f3",
                "sha256:2f8d4529c5751956d5cc76bcab664fb9450ad8315860f1e47dc06e3f9ed150e5",
                "sha256:314b3da25c00a8e9a8db673665b2bf4fe40d02d460449bed7a3b94d5cf2aef92",
                "sha256:3322385f85e8840fc67cacf8fde2df886e04127fb288c1d59c7281f061eded46",
                "sha256:432042f2c25dc5e02a4ae328fe169ee21e83adf68eb52e668096ba02b683fd20",
                "sha256:4d9931fd439133b50fa9637bc1055660d9874299df3033133ddf645caebb7d29",
                "sha256:4ea20fecbc3e32ea60138bf846a859acb1db3e53883197bdb7d9115bbca37581",
                "sha256:4fefb1c38a53976dbb6dd9566845668f23932f567ddffd1855487c67bc5123df",
                "sha256:51e7781104854d6b1eadecef28282f80457296e8d86c07f94d09e1a1de870d6d",
                "sha256:683f9d829922433f7249f2feffb350ac5d4971dd8d685dd941042ad1308feec2",
                "sha256:6ff1ac703db64f890796e6f06536206f613704aba6e4fcec764ae63f6d67c5ff",
                "sha256:78aeeb1ccf39a2d83c8c263a8613a131d04d2edf6b06607c3f5e1c17f713216e",
                "sha256:7e143222d4a557f13a8d9761c552aebbc666e05a2b1e49b2578039b1a1818198",
                "sha256:811019c3b0caa106bf35abb299ed3bd7d021357ea57b9dd4df5964906789577a",
                "sha256:83253dcafa8179ae505b92fdd04146109ffc3808860984d7830e1ec6bc072144",
                "sha256:96d64b10c267e6c90f5e98a75e2cd41fbb3a2d4c09ae0fe75875eee5072cc103",
                "sha256:994c2b501e9789d8b17ecd390157b44eb3335d4d72a829a2c9882341c7498209",
                "sha256:a5ecb8f96851a610cfd0413e2ed2cdcc13d98b526b4aa84e493eef49399d20be",
                "sha256:c1258dff9ba7e8e2428f2928181b5cc07a3a32029c10518fa02cd9859ba096b5",
                "sha256:c269d89843baa4c7f49bb85a1b8d78079a7858e7181545eaccacd88a01cb9869",
                "sha256:c7fc378a2634ffc4d20344b0ee8a370f250ccfd8a1a4a87cac51e7472ae56ddd",
                "sha256:cb16b16db848f0dec59f5fe603fadfcb5c0c4823538590e7c34e0ace1072887c",
                "sha256:d1a33697c832aefc1d8697d739f5ca09964459c68a75ca59e42592bc6c721a1d",
                "sha256:d4fbb8fa647d741583abde7ddfc543859ad97eb237f4afa7f451239044f2df2b",
                "sha256:db83aefc7a61ef324f7354c41dcba016fa4feb5caaed0420555dc54833e3259d",
                "sha256:ffaec2627d46f2fbbf1a6abd18e2fe29cfb1a9bd1ca7c5fcc319da2f600b4e07"
            ],
            "index": "pypi",
            "markers": "python_version >= '3.8'",
            "version": "==1.23.19"
        },
        "pymupdfb": {
            "hashes": [
                "sha256:29ab88d23eedd1e2f29e21692945dabfcff3d3b1f6bd97ac35d4984e9bd32ed0",
                "sha256:3f549891e558a6fc335eafe23d50bd4fda3c5f2dbfd7e9edf362d21ef5945fe9",
                "sha256:457cede084f0a6a80a5b3b678b48f72f5f7185f4be93440bd3b062472588cd05",
                "sha256:6a2a631fbd03330347b1ecf53f5534c4f7375b44e60b5ad8f36c5c96d4e6ec35",
                "sha256:bc7703ce110784d7b7f1fc7a59cb36072a07c6b2d19f5a5bf0a960227a8adb5c",
                "sha256:ecf27e040d5faeadb1ade715a4b65cd8a23c6bc40c111df5a685b68ce4d779d2"
            ],
            "markers": "python_version >= '3.8'",
            "version": "==1.23.9"
        },
        "pyyaml": {
            "hashes": [
                "sha256:04ac92ad1925b2cff1db0cfebffb6ffc43457495c9b3c39d3fcae417d7125dc5",
                "sha256:062582fca9fabdd2c8b54a3ef1c978d786e0f6b3a1510e0ac93ef59e0ddae2bc",
                "sha256:0d3304d8c0adc42be59c5f8a4d9e3d7379e6955ad754aa9d6ab7a398b59dd1df",
                "sha256:1635fd110e8d85d55237ab316b5b011de701ea0f29d07611174a1b42f1444741",
                "sha256:184c5108a2aca3c5b3d3bf9395d50893a7ab82a38004c8f61c258d4428e80206",
                "sha256:18aeb1bf9a78867dc38b259769503436b7c72f7a1f1f4c93ff9a17de54319b27",
                "sha256:1d4c7e777c441b20e32f52bd377e0c409713e8bb1386e1099c2415f26e479595",
                "sha256:1e2722cc9fbb45d9b87631ac70924c11d3a401b2d7f410cc0e3bbf249f2dca62",
                "sha256:1fe35611261b29bd1de0070f0b2f47cb6ff71fa6595c077e42bd0c419fa27b98",
                "sha256:28c119d996beec18c05208a8bd78cbe4007878c6dd15091efb73a30e90539696",
                "sha256:326c013efe8048858a6d312ddd31d56e468118ad4cdeda36c719bf5bb6192290",
                "sha256:40df9b996c2b73138957fe23a16a4f0ba614f4c0efce1e9406a184b6d07fa3a9",
                "sha256:42f8152b8dbc4fe7d96729ec2b99c7097d656dc1213a3229ca5383f973a5ed6d",
                "sha256:49a183be227561de579b4a36efbb21b3eab9651dd81b1858589f796549873dd6",
                "sha256:4fb147e7a67ef577a588a0e2c17b6db51dda102c71de36f8549b6816a96e1867",
                "sha256:50550eb667afee136e9a77d6dc71ae76a44df8b3e51e41b77f6de2932bfe0f47",
                "sha256:510c9deebc5c0225e8c96813043e62b680ba2f9c50a08d3724c7f28a747d1486",
                "sha256:5773183b6446b2c99bb77e77595dd486303b4faab2b086e7b17bc6bef28865f6",
                "sha256:596106435fa6ad000c2991a98fa58eeb8656ef2325d7e158344fb33864ed87e3",
                "sha256:6965a7bc3cf88e5a1c3bd2e0b5c22f8d677dc88a455344035f03399034eb3007",
                "sha256:69b023b2b4daa7548bcfbd4aa3da05b3a74b772db9e23b982788168117739938",
                "sha256:6c22bec3fbe2524cde73d7ada88f6566758a8f7227bfbf93a408a9d86bcc12a0",
                "sha256:704219a11b772aea0d8ecd7058d0082713c3562b4e271b849ad7dc4a5c90c13c",
                "sha256:7e07cbde391ba96ab58e532ff4803f79c4129397514e1413a7dc761ccd755735",
                "sha256:81e0b275a9ecc9c0c0c07b4b90ba548307583c125f54d5b6946cfee6360c733d",
                "sha256:855fb52b0dc35af121542a76b9a84f8d1cd886ea97c84703eaa6d88e37a2ad28",
                "sha256:8d4e9c88387b0f5c7d5f281e55304de64cf7f9c0021a3525bd3b1c542da3b0e4",
                "sha256:9046c58c4395dff28dd494285c82ba00b546adfc7ef001486fbf0324bc174fba",
                "sha256:9eb6caa9a297fc2c2fb8862bc5370d0303ddba53ba97e71f08023b6cd73d16a8",
                "sha256:a0cd17c15d3bb3fa06978b4e8958dcdc6e0174ccea823003a106c7d4d7899ac5",
                "sha256:afd7e57eddb1a54f0f1a974bc4391af8bcce0b444685d936840f125cf046d5bd",
                "sha256:b1275ad35a5d18c62a7220633c913e1b42d44b46ee12554e5fd39c70a243d6a3",
                "sha256:b786eecbdf8499b9ca1d697215862083bd6d2a99965554781d0d8d1ad31e13a0",
                "sha256:ba336e390cd8e4d1739f42dfe9bb83a3cc2e80f567d8805e11b46f4a943f5515",
                "sha256:baa90d3f661d43131ca170712d903e6295d1f7a0f595074f151c0aed377c9b9c",
                "sha256:bc1bf2925a1ecd43da378f4db9e4f799775d6367bdb94671027b73b393a7c42c",
                "sha256:bd4af7373a854424dabd882decdc5579653d7868b8fb26dc7d0e99f823aa5924",
                "sha256:bf07ee2fef7014951eeb99f56f39c9bb4af143d8aa3c21b1677805985307da34",
                "sha256:bfdf460b1736c775f2ba9f6a92bca30bc2095067b8a9d77876d1fad6cc3b4a43",
                "sha256:c8098ddcc2a85b61647b2590f825f3db38891662cfc2fc776415143f599bb859",
                "sha256:d2b04aac4d386b172d5b9692e2d2da8de7bfb6c387fa4f801fbf6fb2e6ba4673",
                "sha256:d483d2cdf104e7c9fa60c544d92981f12ad66a457afae824d146093b8c294c54",
                "sha256:d858aa552c999bc8a8d57426ed01e40bef403cd8ccdd0fc5f6f04a00414cac2a",
                "sha256:e7d73685e87afe9f3b36c799222440d6cf362062f78be1013661b00c5c6f678b",
                "sha256:f003ed9ad21d6a4713f0a9b5a7a0a79e08dd0f221aff4525a2be4c346ee60aab",
                "sha256:f22ac1c3cac4dbc50079e965eba2c1058622631e526bd9afd45fedd49ba781fa",
                "sha256:faca3bdcf85b2fc05d06ff3fbc1f83e1391b3e724afa3feba7d13eeab355484c",
                "sha256:fca0e3a251908a499833aa292323f32437106001d436eca0e6e7833256674585",
                "sha256:fd1592b3fdf65fff2ad0004b5e363300ef59ced41c2e6b3a99d4089fa8c5435d",
                "sha256:fd66fc5d0da6d9815ba2cebeb4205f95818ff4b79c3ebe268e75d961704af52f"
            ],
            "index": "pypi",
            "markers": "python_version >= '3.6'",
            "version": "==6.0.1"
        }
    },
    "develop": {
        "black": {
            "hashes": [
                "sha256:0cd59d01bf3306ff7e3076dd7f4435fcd2fafe5506a6111cae1138fc7de52382",
                "sha256:1e0fa70b8464055069864a4733901b31cbdbe1273f63a24d2fa9d726723d45ac",
                "sha256:30fbf768cd4f4576598b1db0202413fafea9a227ef808d1a12230c643cefe9fc",
                "sha256:39addf23f7070dbc0b5518cdb2018468ac249d7412a669b50ccca18427dba1f3",
                "sha256:5134a6f6b683aa0a5592e3fd61dd3519d8acd953d93e2b8b76f9981245b65594",
                "sha256:6a8977774929b5db90442729f131221e58cc5d8208023c6af9110f26f75b6b20",
                "sha256:6cc5a6ba3e671cfea95a40030b16a98ee7dc2e22b6427a6f3389567ecf1b5262",
                "sha256:780f13d03066a7daf1707ec723fdb36bd698ffa29d95a2e7ef33a8dd8fe43b5c",
                "sha256:7fa8d9aaa22d846f8c0f7f07391148e5e346562e9b215794f9101a8339d8b6d8",
                "sha256:827a7c0da520dd2f8e6d7d3595f4591aa62ccccce95b16c0e94bb4066374c4c2",
                "sha256:82d9452aeabd51d1c8f0d52d4d18e82b9f010ecb30fd55867b5ff95904f427ff",
                "sha256:94d5280d020dadfafc75d7cae899609ed38653d3f5e82e7ce58f75e76387ed3d",
                "sha256:9aede09f72b2a466e673ee9fca96e4bccc36f463cac28a35ce741f0fd13aea8b",
                "sha256:a15670c650668399c4b5eae32e222728185961d6ef6b568f62c1681d57b381ba",
                "sha256:a5a0100b4bdb3744dd68412c3789f472d822dc058bb3857743342f8d7f93a5a7",
                "sha256:aaf9aa85aaaa466bf969e7dd259547f4481b712fe7ee14befeecc152c403ee05",
                "sha256:be305563ff4a2dea813f699daaffac60b977935f3264f66922b1936a5e492ee4",
                "sha256:bf8dd261ee82df1abfb591f97e174345ab7375a55019cc93ad38993b9ff5c6ad",
                "sha256:d74d4d0da276fbe3b95aa1f404182562c28a04402e4ece60cf373d0b902f33a0",
                "sha256:e0e367759062dcabcd9a426d12450c6d61faf1704a352a49055a04c9f9ce8f5a",
                "sha256:ec489cae76eac3f7573629955573c3a0e913641cafb9e3bfc87d8ce155ebdb29",
                "sha256:f0dfbfbacfbf9cd1fac7a5ddd3e72510ffa93e841a69fcf4a6358feab1685382"
            ],
            "index": "pypi",
            "markers": "python_version >= '3.8'",
            "version": "==24.1.0"
        },
        "click": {
            "hashes": [
                "sha256:ae74fb96c20a0277a1d615f1e4d73c8414f5a98db8b799a7931d1582f3390c28",
                "sha256:ca9853ad459e787e2192211578cc907e7594e294c7ccc834310722b41b9ca6de"
            ],
            "markers": "python_version >= '3.7'",
            "version": "==8.1.7"
        },
        "mypy-extensions": {
            "hashes": [
                "sha256:4392f6c0eb8a5668a69e23d168ffa70f0be9ccfd32b5cc2d26a34ae5b844552d",
                "sha256:75dbf8955dc00442a438fc4d0666508a9a97b6bd41aa2f0ffe9d2f2725af0782"
            ],
            "markers": "python_version >= '3.5'",
            "version": "==1.0.0"
        },
        "packaging": {
            "hashes": [
                "sha256:048fb0e9405036518eaaf48a55953c750c11e1a1b68e0dd1a9d62ed0c092cfc5",
                "sha256:8c491190033a9af7e1d931d0b5dacc2ef47509b34dd0de67ed209b5203fc88c7"
            ],
            "markers": "python_version >= '3.7'",
            "version": "==23.2"
        },
        "pathspec": {
            "hashes": [
                "sha256:a0d503e138a4c123b27490a4f7beda6a01c6f288df0e4a8b79c7eb0dc7b4cc08",
                "sha256:a482d51503a1ab33b1c67a6c3813a26953dbdc71c31dacaef9a838c4e29f5712"
            ],
            "markers": "python_version >= '3.8'",
            "version": "==0.12.1"
        },
        "platformdirs": {
            "hashes": [
                "sha256:11c8f37bcca40db96d8144522d925583bdb7a31f7b0e37e3ed4318400a8e2380",
                "sha256:906d548203468492d432bcb294d4bc2fff751bf84971fbb2c10918cc206ee420"
            ],
            "markers": "python_version >= '3.8'",
            "version": "==4.1.0"
        },
        "tomli": {
            "hashes": [
                "sha256:939de3e7a6161af0c887ef91b7d41a53e7c5a1ca976325f429cb46ea9bc30ecc",
                "sha256:de526c12914f0c550d15924c62d72abc48d6fe7364aa87328337a31007fe8a4f"
            ],
            "markers": "python_version < '3.11'",
            "version": "==2.0.1"
        },
        "typing-extensions": {
            "hashes": [
                "sha256:23478f88c37f27d76ac8aee6c905017a143b0b1b886c3c9f66bc2fd94f9f5783",
                "sha256:af72aea155e91adfc61c3ae9e0e342dbc0cba726d6cba4b6c72c1f34e47291cd"
            ],
            "markers": "python_version < '3.11'",
            "version": "==4.9.0"
        }
    }
}
